
Microsoft Visual Studio Solution File, Format Version 12.00
# Visual Studio Version 17
VisualStudioVersion = 17.11.35312.102
MinimumVisualStudioVersion = 10.0.40219.1
Project("{FAE04EC0-301F-11D3-BF4B-00C04F79EFBC}") = "AttenUploadEntity", "AttenUploadEntity\AttenUploadEntity.csproj", "{187F6B58-D274-4FFF-909C-F5B9F44F232A}"
EndProject
Project("{FAE04EC0-301F-11D3-BF4B-00C04F79EFBC}") = "AttenUploadWpf", "AttenUploadWpf\AttenUploadWpf.csproj", "{31739C87-ACE3-48D8-8016-21E0D62DC8D9}"
EndProject
Global
	GlobalSection(SolutionConfigurationPlatforms) = preSolution
		Debug|Any CPU = Debug|Any CPU
		Release|Any CPU = Release|Any CPU
	EndGlobalSection
	GlobalSection(ProjectConfigurationPlatforms) = postSolution
		{187F6B58-D274-4FFF-909C-F5B9F44F232A}.Debug|Any CPU.ActiveCfg = Debug|Any CPU
		{187F6B58-D274-4FFF-909C-F5B9F44F232A}.Debug|Any CPU.Build.0 = Debug|Any CPU
		{187F6B58-D274-4FFF-909C-F5B9F44F232A}.Release|Any CPU.ActiveCfg = Release|Any CPU
		{187F6B58-D274-4FFF-909C-F5B9F44F232A}.Release|Any CPU.Build.0 = Release|Any CPU
		{31739C87-ACE3-48D8-8016-21E0D62DC8D9}.Debug|Any CPU.ActiveCfg = Debug|Any CPU
		{31739C87-ACE3-48D8-8016-21E0D62DC8D9}.Debug|Any CPU.Build.0 = Debug|Any CPU
		{31739C87-ACE3-48D8-8016-21E0D62DC8D9}.Release|Any CPU.ActiveCfg = Release|Any CPU
		{31739C87-ACE3-48D8-8016-21E0D62DC8D9}.Release|Any CPU.Build.0 = Release|Any CPU
	EndGlobalSection
	GlobalSection(SolutionProperties) = preSolution
		HideSolutionNode = FALSE
	EndGlobalSection
	GlobalSection(ExtensibilityGlobals) = postSolution
		SolutionGuid = {78541E66-4F89-4A0D-9D0B-28CEE5DB7314}
	EndGlobalSection
EndGlobal
